
Microsoft Visual Studio Solution File, Format Version 12.00
# Visual Studio Version 17
VisualStudioVersion = 17.13.35825.156 d17.13
MinimumVisualStudioVersion = 10.0.40219.1
Project("{FAE04EC0-301F-11D3-BF4B-00C04F79EFBC}") = "ToDo", "ToDo.csproj", "{D541AE78-B5E7-400B-85AE-9EEB6DBAC9F0}"
EndProject
Global
	GlobalSection(SolutionConfigurationPlatforms) = preSolution
		Debug|Any CPU = Debug|Any CPU
		Release|Any CPU = Release|Any CPU
	EndGlobalSection
	GlobalSection(ProjectConfigurationPlatforms) = postSolution
		{D541AE78-B5E7-400B-85AE-9EEB6DBAC9F0}.Debug|Any CPU.ActiveCfg = Debug|Any CPU
		{D541AE78-B5E7-400B-85AE-9EEB6DBAC9F0}.Debug|Any CPU.Build.0 = Debug|Any CPU
		{D541AE78-B5E7-400B-85AE-9EEB6DBAC9F0}.Release|Any CPU.ActiveCfg = Release|Any CPU
		{D541AE78-B5E7-400B-85AE-9EEB6DBAC9F0}.Release|Any CPU.Build.0 = Release|Any CPU
	EndGlobalSection
	GlobalSection(SolutionProperties) = preSolution
		HideSolutionNode = FALSE
	EndGlobalSection
	GlobalSection(ExtensibilityGlobals) = postSolution
		SolutionGuid = {50D9391F-54F3-48F3-8A4D-627847F87958}
	EndGlobalSection
EndGlobal
